<?xml version="1.0" encoding="utf-8"?>
<Project ToolsVersion="4.0" xmlns="http://schemas.microsoft.com/developer/msbuild/2003">
  <ItemGroup>
    <Filter Include="源文件">
      <UniqueIdentifier>{4FC737F1-C7A5-4376-A066-2A32D752A2FF}</UniqueIdentifier>
      <Extensions>cpp;c;cc;cxx;c++;cppm;ixx;def;odl;idl;hpj;bat;asm;asmx</Extensions>
    </Filter>
    <Filter Include="头文件">
      <UniqueIdentifier>{93995380-89BD-4b04-88EB-625FBE52EBFB}</UniqueIdentifier>
      <Extensions>h;hh;hpp;hxx;h++;hm;inl;inc;ipp;xsd</Extensions>
    </Filter>
    <Filter Include="资源文件">
      <UniqueIdentifier>{67DA6AB6-F800-4c08-8B7A-83BB121AAD01}</UniqueIdentifier>
      <Extensions>rc;ico;cur;bmp;dlg;rc2;rct;bin;rgs;gif;jpg;jpeg;jpe;resx;tiff;tif;png;wav;mfcribbon-ms</Extensions>
    </Filter>
    <Filter Include="头文件\camera">
      <UniqueIdentifier>{357769c2-3265-4d3b-9ddb-19ebab3616d6}</UniqueIdentifier>
    </Filter>
    <Filter Include="源文件\camera">
      <UniqueIdentifier>{472bf2e5-0601-4abb-a3a3-821a72757530}</UniqueIdentifier>
    </Filter>
  </ItemGroup>
  <ItemGroup>
    <ClInclude Include="src\reconstruction.h">
      <Filter>头文件</Filter>
    </ClInclude>
    <ClInclude Include="src\structured_light.h">
      <Filter>头文件</Filter>
    </ClInclude>
    <ClInclude Include="src\utils.h">
      <Filter>头文件</Filter>
    </ClInclude>
    <ClInclude Include="src\camera\camera.h">
      <Filter>头文件\camera</Filter>
    </ClInclude>
    <ClInclude Include="src\camera\dahen_camera.h">
      <Filter>头文件\camera</Filter>
    </ClInclude>
    <ClInclude Include="src\camera\stereo_camera.h">
      <Filter>头文件\camera</Filter>
    </ClInclude>
    <ClInclude Include="src\projection_picture.h">
      <Filter>头文件\camera</Filter>
    </ClInclude>
  </ItemGroup>
  <ItemGroup>
    <ClCompile Include="src\camera\camera.cpp">
      <Filter>源文件\camera</Filter>
    </ClCompile>
    <ClCompile Include="src\camera\dahen_camera.cpp">
      <Filter>源文件\camera</Filter>
    </ClCompile>
    <ClCompile Include="src\camera\stereo_camera.cpp">
      <Filter>源文件\camera</Filter>
    </ClCompile>
    <ClCompile Include="src\projection_picture.cpp">
      <Filter>源文件\camera</Filter>
    </ClCompile>
    <ClCompile Include="src\reconstruction.cpp">
      <Filter>源文件</Filter>
    </ClCompile>
    <ClCompile Include="src\structured_light.cpp">
      <Filter>源文件</Filter>
    </ClCompile>
    <ClCompile Include="src\utils.cpp">
      <Filter>源文件</Filter>
    </ClCompile>
    <ClCompile Include="main.cpp">
      <Filter>源文件</Filter>
    </ClCompile>
  </ItemGroup>
</Project>