
Microsoft Visual Studio Solution File, Format Version 12.00
# Visual Studio Version 16
VisualStudioVersion = 16.0.31729.503
MinimumVisualStudioVersion = 10.0.40219.1
Project("{8BC9CEB8-8B4A-11D0-8D11-00A0C91BC942}") = "structured_light", "structured_light.vcxproj", "{CA5022A6-4AD2-43F8-A11D-E40B2F83613B}"
EndProject
Global
	GlobalSection(SolutionConfigurationPlatforms) = preSolution
		Debug|x64 = Debug|x64
		Debug|x86 = Debug|x86
		Release|x64 = Release|x64
		Release|x86 = Release|x86
	EndGlobalSection
	GlobalSection(ProjectConfigurationPlatforms) = postSolution
		{CA5022A6-4AD2-43F8-A11D-E40B2F83613B}.Debug|x64.ActiveCfg = Debug|x64
		{CA5022A6-4AD2-43F8-A11D-E40B2F83613B}.Debug|x64.Build.0 = Debug|x64
		{CA5022A6-4AD2-43F8-A11D-E40B2F83613B}.Debug|x86.ActiveCfg = Debug|Win32
		{CA5022A6-4AD2-43F8-A11D-E40B2F83613B}.Debug|x86.Build.0 = Debug|Win32
		{CA5022A6-4AD2-43F8-A11D-E40B2F83613B}.Release|x64.ActiveCfg = Release|x64
		{CA5022A6-4AD2-43F8-A11D-E40B2F83613B}.Release|x64.Build.0 = Release|x64
		{CA5022A6-4AD2-43F8-A11D-E40B2F83613B}.Release|x86.ActiveCfg = Release|Win32
		{CA5022A6-4AD2-43F8-A11D-E40B2F83613B}.Release|x86.Build.0 = Release|Win32
	EndGlobalSection
	GlobalSection(SolutionProperties) = preSolution
		HideSolutionNode = FALSE
	EndGlobalSection
	GlobalSection(ExtensibilityGlobals) = postSolution
		SolutionGuid = {6C7E2496-4E7F-479C-A3EB-AE17E5E9FDB7}
	EndGlobalSection
EndGlobal
